
Microsoft Visual Studio Solution File, Format Version 12.00
# Visual Studio Version 17
VisualStudioVersion = 17.5.33627.172
MinimumVisualStudioVersion = 10.0.40219.1
Project("{9A19103F-16F7-4668-BE54-9A1E7A4F7556}") = "DemoDatabaseFirst", "DemoDatabaseFirst\DemoDatabaseFirst.csproj", "{E737EF2D-20F5-49DF-A18F-7442DC48B9B4}"
EndProject
Project("{FAE04EC0-301F-11D3-BF4B-00C04F79EFBC}") = "ManageCategoriesApp", "ManageCategoriesApp\ManageCategoriesApp.csproj", "{E58D5867-AABF-4A14-AAFD-01C9985EC647}"
EndProject
Global
	GlobalSection(SolutionConfigurationPlatforms) = preSolution
		Debug|Any CPU = Debug|Any CPU
		Release|Any CPU = Release|Any CPU
	EndGlobalSection
	GlobalSection(ProjectConfigurationPlatforms) = postSolution
		{E737EF2D-20F5-49DF-A18F-7442DC48B9B4}.Debug|Any CPU.ActiveCfg = Debug|Any CPU
		{E737EF2D-20F5-49DF-A18F-7442DC48B9B4}.Debug|Any CPU.Build.0 = Debug|Any CPU
		{E737EF2D-20F5-49DF-A18F-7442DC48B9B4}.Release|Any CPU.ActiveCfg = Release|Any CPU
		{E737EF2D-20F5-49DF-A18F-7442DC48B9B4}.Release|Any CPU.Build.0 = Release|Any CPU
		{E58D5867-AABF-4A14-AAFD-01C9985EC647}.Debug|Any CPU.ActiveCfg = Debug|Any CPU
		{E58D5867-AABF-4A14-AAFD-01C9985EC647}.Debug|Any CPU.Build.0 = Debug|Any CPU
		{E58D5867-AABF-4A14-AAFD-01C9985EC647}.Release|Any CPU.ActiveCfg = Release|Any CPU
		{E58D5867-AABF-4A14-AAFD-01C9985EC647}.Release|Any CPU.Build.0 = Release|Any CPU
	EndGlobalSection
	GlobalSection(SolutionProperties) = preSolution
		HideSolutionNode = FALSE
	EndGlobalSection
	GlobalSection(ExtensibilityGlobals) = postSolution
		SolutionGuid = {E8957ED3-152A-45DB-9E06-7A49B6F28C9B}
	EndGlobalSection
EndGlobal
